
Microsoft Visual Studio Solution File, Format Version 12.00
# Visual Studio Version 17
VisualStudioVersion = 17.9.34723.18
MinimumVisualStudioVersion = 10.0.40219.1
Project("{FAE04EC0-301F-11D3-BF4B-00C04F79EFBC}") = "QL_DV_Bida", "QL_DV_Bida\QL_DV_Bida.csproj", "{08BCB71C-4007-40B5-868D-9FEF37BE9267}"
EndProject
Global
	GlobalSection(SolutionConfigurationPlatforms) = preSolution
		Debug|Any CPU = Debug|Any CPU
		Release|Any CPU = Release|Any CPU
	EndGlobalSection
	GlobalSection(ProjectConfigurationPlatforms) = postSolution
		{08BCB71C-4007-40B5-868D-9FEF37BE9267}.Debug|Any CPU.ActiveCfg = Debug|Any CPU
		{08BCB71C-4007-40B5-868D-9FEF37BE9267}.Debug|Any CPU.Build.0 = Debug|Any CPU
		{08BCB71C-4007-40B5-868D-9FEF37BE9267}.Release|Any CPU.ActiveCfg = Release|Any CPU
		{08BCB71C-4007-40B5-868D-9FEF37BE9267}.Release|Any CPU.Build.0 = Release|Any CPU
	EndGlobalSection
	GlobalSection(SolutionProperties) = preSolution
		HideSolutionNode = FALSE
	EndGlobalSection
	GlobalSection(ExtensibilityGlobals) = postSolution
		SolutionGuid = {668737C3-FE9C-4B09-9B68-12D3E15F2BEA}
	EndGlobalSection
EndGlobal
